// !$*UTF8*$!
{
	archiveVersion = 1;
	classes = {
	};
	objectVersion = 56;
	objects = {

/* Begin PBXBuildFile section */
		EE1BCDCF2B02B380005D74CB /* PlakaEzberleticiApp.swift in Sources */ = {isa = PBXBuildFile; fileRef = EE1BCDCE2B02B380005D74CB /* PlakaEzberleticiApp.swift */; };
		EE1BCDD12B02B380005D74CB /* ContentView.swift in Sources */ = {isa = PBXBuildFile; fileRef = EE1BCDD02B02B380005D74CB /* ContentView.swift */; };
		EE1BCDD32B02B381005D74CB /* Assets.xcassets in Resources */ = {isa = PBXBuildFile; fileRef = EE1BCDD22B02B381005D74CB /* Assets.xcassets */; };
		EE1BCDD62B02B381005D74CB /* Preview Assets.xcassets in Resources */ = {isa = PBXBuildFile; fileRef = EE1BCDD52B02B381005D74CB /* Preview Assets.xcassets */; };
		EE1BCDE02B02B381005D74CB /* PlakaEzberleticiTests.swift in Sources */ = {isa = PBXBuildFile; fileRef = EE1BCDDF2B02B381005D74CB /* PlakaEzberleticiTests.swift */; };
		EE1BCDEA2B02B381005D74CB /* PlakaEzberleticiUITests.swift in Sources */ = {isa = PBXBuildFile; fileRef = EE1BCDE92B02B381005D74CB /* PlakaEzberleticiUITests.swift */; };
		EE1BCDEC2B02B381005D74CB /* PlakaEzberleticiUITestsLaunchTests.swift in Sources */ = {isa = PBXBuildFile; fileRef = EE1BCDEB2B02B381005D74CB /* PlakaEzberleticiUITestsLaunchTests.swift */; };
		EE70722A2B5047B60016595F /* MiniCardView.swift in Sources */ = {isa = PBXBuildFile; fileRef = EE7072292B5047B60016595F /* MiniCardView.swift */; };
		EE70722C2B5049B30016595F /* CardFan.swift in Sources */ = {isa = PBXBuildFile; fileRef = EE70722B2B5049B30016595F /* CardFan.swift */; };
		EE7C91482B4EC4A6001528EA /* FrontCardView.swift in Sources */ = {isa = PBXBuildFile; fileRef = EE7C91472B4EC4A6001528EA /* FrontCardView.swift */; };
		EE7C914A2B4ED73D001528EA /* CardModifier.swift in Sources */ = {isa = PBXBuildFile; fileRef = EE7C91492B4ED73D001528EA /* CardModifier.swift */; };
		EE7C914D2B4ED9B3001528EA /* BackCardView.swift in Sources */ = {isa = PBXBuildFile; fileRef = EE7C914C2B4ED9B3001528EA /* BackCardView.swift */; };
		EEB3848E2B50518C00497D0C /* ContentViewModel.swift in Sources */ = {isa = PBXBuildFile; fileRef = EEB3848D2B50518C00497D0C /* ContentViewModel.swift */; };
		EEB384922B5058B000497D0C /* FlipAnimation.swift in Sources */ = {isa = PBXBuildFile; fileRef = EEB384912B5058B000497D0C /* FlipAnimation.swift */; };
		EEB384942B505CEF00497D0C /* CityCardView.swift in Sources */ = {isa = PBXBuildFile; fileRef = EEB384932B505CEF00497D0C /* CityCardView.swift */; };
		EEB5CC102B02B4A7000DBE03 /* Plakalar.swift in Sources */ = {isa = PBXBuildFile; fileRef = EEB5CC0F2B02B4A7000DBE03 /* Plakalar.swift */; };
/* End PBXBuildFile section */

/* Begin PBXContainerItemProxy section */
		EE1BCDDC2B02B381005D74CB /* PBXContainerItemProxy */ = {
			isa = PBXContainerItemProxy;
			containerPortal = EE1BCDC32B02B380005D74CB /* Project object */;
			proxyType = 1;
			remoteGlobalIDString = EE1BCDCA2B02B380005D74CB;
			remoteInfo = PlakaEzberletici;
		};
		EE1BCDE62B02B381005D74CB /* PBXContainerItemProxy */ = {
			isa = PBXContainerItemProxy;
			containerPortal = EE1BCDC32B02B380005D74CB /* Project object */;
			proxyType = 1;
			remoteGlobalIDString = EE1BCDCA2B02B380005D74CB;
			remoteInfo = PlakaEzberletici;
		};
/* End PBXContainerItemProxy section */

/* Begin PBXFileReference section */
		EE1BCDCB2B02B380005D74CB /* PlakaEzberletici.app */ = {isa = PBXFileReference; explicitFileType = wrapper.application; includeInIndex = 0; path = PlakaEzberletici.app; sourceTree = BUILT_PRODUCTS_DIR; };
		EE1BCDCE2B02B380005D74CB /* PlakaEzberleticiApp.swift */ = {isa = PBXFileReference; lastKnownFileType = sourcecode.swift; path = PlakaEzberleticiApp.swift; sourceTree = "<group>"; };
		EE1BCDD02B02B380005D74CB /* ContentView.swift */ = {isa = PBXFileReference; lastKnownFileType = sourcecode.swift; path = ContentView.swift; sourceTree = "<group>"; };
		EE1BCDD22B02B381005D74CB /* Assets.xcassets */ = {isa = PBXFileReference; lastKnownFileType = folder.assetcatalog; path = Assets.xcassets; sourceTree = "<group>"; };
		EE1BCDD52B02B381005D74CB /* Preview Assets.xcassets */ = {isa = PBXFileReference; lastKnownFileType = folder.assetcatalog; path = "Preview Assets.xcassets"; sourceTree = "<group>"; };
		EE1BCDDB2B02B381005D74CB /* PlakaEzberleticiTests.xctest */ = {isa = PBXFileReference; explicitFileType = wrapper.cfbundle; includeInIndex = 0; path = PlakaEzberleticiTests.xctest; sourceTree = BUILT_PRODUCTS_DIR; };
		EE1BCDDF2B02B381005D74CB /* PlakaEzberleticiTests.swift */ = {isa = PBXFileReference; lastKnownFileType = sourcecode.swift; path = PlakaEzberleticiTests.swift; sourceTree = "<group>"; };
		EE1BCDE52B02B381005D74CB /* PlakaEzberleticiUITests.xctest */ = {isa = PBXFileReference; explicitFileType = wrapper.cfbundle; includeInIndex = 0; path = PlakaEzberleticiUITests.xctest; sourceTree = BUILT_PRODUCTS_DIR; };
		EE1BCDE92B02B381005D74CB /* PlakaEzberleticiUITests.swift */ = {isa = PBXFileReference; lastKnownFileType = sourcecode.swift; path = PlakaEzberleticiUITests.swift; sourceTree = "<group>"; };
		EE1BCDEB2B02B381005D74CB /* PlakaEzberleticiUITestsLaunchTests.swift */ = {isa = PBXFileReference; lastKnownFileType = sourcecode.swift; path = PlakaEzberleticiUITestsLaunchTests.swift; sourceTree = "<group>"; };
		EE7072292B5047B60016595F /* MiniCardView.swift */ = {isa = PBXFileReference; lastKnownFileType = sourcecode.swift; path = MiniCardView.swift; sourceTree = "<group>"; };
		EE70722B2B5049B30016595F /* CardFan.swift */ = {isa = PBXFileReference; lastKnownFileType = sourcecode.swift; path = CardFan.swift; sourceTree = "<group>"; };
		EE7C91472B4EC4A6001528EA /* FrontCardView.swift */ = {isa = PBXFileReference; lastKnownFileType = sourcecode.swift; path = FrontCardView.swift; sourceTree = "<group>"; };
		EE7C91492B4ED73D001528EA /* CardModifier.swift */ = {isa = PBXFileReference; lastKnownFileType = sourcecode.swift; path = CardModifier.swift; sourceTree = "<group>"; };
		EE7C914C2B4ED9B3001528EA /* BackCardView.swift */ = {isa = PBXFileReference; lastKnownFileType = sourcecode.swift; path = BackCardView.swift; sourceTree = "<group>"; };
		EEB3848D2B50518C00497D0C /* ContentViewModel.swift */ = {isa = PBXFileReference; lastKnownFileType = sourcecode.swift; path = ContentViewModel.swift; sourceTree = "<group>"; };
		EEB384912B5058B000497D0C /* FlipAnimation.swift */ = {isa = PBXFileReference; lastKnownFileType = sourcecode.swift; path = FlipAnimation.swift; sourceTree = "<group>"; };
		EEB384932B505CEF00497D0C /* CityCardView.swift */ = {isa = PBXFileReference; lastKnownFileType = sourcecode.swift; path = CityCardView.swift; sourceTree = "<group>"; };
		EEB5CC0F2B02B4A7000DBE03 /* Plakalar.swift */ = {isa = PBXFileReference; lastKnownFileType = sourcecode.swift; path = Plakalar.swift; sourceTree = "<group>"; };
/* End PBXFileReference section */

/* Begin PBXFrameworksBuildPhase section */
		EE1BCDC82B02B380005D74CB /* Frameworks */ = {
			isa = PBXFrameworksBuildPhase;
			buildActionMask = 2147483647;
			files = (
			);
			runOnlyForDeploymentPostprocessing = 0;
		};
		EE1BCDD82B02B381005D74CB /* Frameworks */ = {
			isa = PBXFrameworksBuildPhase;
			buildActionMask = 2147483647;
			files = (
			);
			runOnlyForDeploymentPostprocessing = 0;
		};
		EE1BCDE22B02B381005D74CB /* Frameworks */ = {
			isa = PBXFrameworksBuildPhase;
			buildActionMask = 2147483647;
			files = (
			);
			runOnlyForDeploymentPostprocessing = 0;
		};
/* End PBXFrameworksBuildPhase section */

/* Begin PBXGroup section */
		EE1BCDC22B02B380005D74CB = {
			isa = PBXGroup;
			children = (
				EE1BCDCD2B02B380005D74CB /* PlakaEzberletici */,
				EE1BCDDE2B02B381005D74CB /* PlakaEzberleticiTests */,
				EE1BCDE82B02B381005D74CB /* PlakaEzberleticiUITests */,
				EE1BCDCC2B02B380005D74CB /* Products */,
			);
			sourceTree = "<group>";
		};
		EE1BCDCC2B02B380005D74CB /* Products */ = {
			isa = PBXGroup;
			children = (
				EE1BCDCB2B02B380005D74CB /* PlakaEzberletici.app */,
				EE1BCDDB2B02B381005D74CB /* PlakaEzberleticiTests.xctest */,
				EE1BCDE52B02B381005D74CB /* PlakaEzberleticiUITests.xctest */,
			);
			name = Products;
			sourceTree = "<group>";
		};
		EE1BCDCD2B02B380005D74CB /* PlakaEzberletici */ = {
			isa = PBXGroup;
			children = (
				EE7C91462B4EC485001528EA /* Views */,
				EEB5CC0F2B02B4A7000DBE03 /* Plakalar.swift */,
				EE1BCDCE2B02B380005D74CB /* PlakaEzberleticiApp.swift */,
				EE1BCDD22B02B381005D74CB /* Assets.xcassets */,
				EE1BCDD42B02B381005D74CB /* Preview Content */,
			);
			path = PlakaEzberletici;
			sourceTree = "<group>";
		};
		EE1BCDD42B02B381005D74CB /* Preview Content */ = {
			isa = PBXGroup;
			children = (
				EE1BCDD52B02B381005D74CB /* Preview Assets.xcassets */,
			);
			path = "Preview Content";
			sourceTree = "<group>";
		};
		EE1BCDDE2B02B381005D74CB /* PlakaEzberleticiTests */ = {
			isa = PBXGroup;
			children = (
				EE1BCDDF2B02B381005D74CB /* PlakaEzberleticiTests.swift */,
			);
			path = PlakaEzberleticiTests;
			sourceTree = "<group>";
		};
		EE1BCDE82B02B381005D74CB /* PlakaEzberleticiUITests */ = {
			isa = PBXGroup;
			children = (
				EE1BCDE92B02B381005D74CB /* PlakaEzberleticiUITests.swift */,
				EE1BCDEB2B02B381005D74CB /* PlakaEzberleticiUITestsLaunchTests.swift */,
			);
			path = PlakaEzberleticiUITests;
			sourceTree = "<group>";
		};
		EE7C91462B4EC485001528EA /* Views */ = {
			isa = PBXGroup;
			children = (
				EE7C91472B4EC4A6001528EA /* FrontCardView.swift */,
				EE7C914C2B4ED9B3001528EA /* BackCardView.swift */,
				EE7C91492B4ED73D001528EA /* CardModifier.swift */,
				EE7072292B5047B60016595F /* MiniCardView.swift */,
				EE70722B2B5049B30016595F /* CardFan.swift */,
				EEB3848D2B50518C00497D0C /* ContentViewModel.swift */,
				EE1BCDD02B02B380005D74CB /* ContentView.swift */,
				EEB384912B5058B000497D0C /* FlipAnimation.swift */,
				EEB384932B505CEF00497D0C /* CityCardView.swift */,
			);
			path = Views;
			sourceTree = "<group>";
		};
/* End PBXGroup section */

/* Begin PBXNativeTarget section */
		EE1BCDCA2B02B380005D74CB /* PlakaEzberletici */ = {
			isa = PBXNativeTarget;
			buildConfigurationList = EE1BCDEF2B02B381005D74CB /* Build configuration list for PBXNativeTarget "PlakaEzberletici" */;
			buildPhases = (
				EE1BCDC72B02B380005D74CB /* Sources */,
				EE1BCDC82B02B380005D74CB /* Frameworks */,
				EE1BCDC92B02B380005D74CB /* Resources */,
			);
			buildRules = (
			);
			dependencies = (
			);
			name = PlakaEzberletici;
			productName = PlakaEzberletici;
			productReference = EE1BCDCB2B02B380005D74CB /* PlakaEzberletici.app */;
			productType = "com.apple.product-type.application";
		};
		EE1BCDDA2B02B381005D74CB /* PlakaEzberleticiTests */ = {
			isa = PBXNativeTarget;
			buildConfigurationList = EE1BCDF22B02B381005D74CB /* Build configuration list for PBXNativeTarget "PlakaEzberleticiTests" */;
			buildPhases = (
				EE1BCDD72B02B381005D74CB /* Sources */,
				EE1BCDD82B02B381005D74CB /* Frameworks */,
				EE1BCDD92B02B381005D74CB /* Resources */,
			);
			buildRules = (
			);
			dependencies = (
				EE1BCDDD2B02B381005D74CB /* PBXTargetDependency */,
			);
			name = PlakaEzberleticiTests;
			productName = PlakaEzberleticiTests;
			productReference = EE1BCDDB2B02B381005D74CB /* PlakaEzberleticiTests.xctest */;
			productType = "com.apple.product-type.bundle.unit-test";
		};
		EE1BCDE42B02B381005D74CB /* PlakaEzberleticiUITests */ = {
			isa = PBXNativeTarget;
			buildConfigurationList = EE1BCDF52B02B381005D74CB /* Build configuration list for PBXNativeTarget "PlakaEzberleticiUITests" */;
			buildPhases = (
				EE1BCDE12B02B381005D74CB /* Sources */,
				EE1BCDE22B02B381005D74CB /* Frameworks */,
				EE1BCDE32B02B381005D74CB /* Resources */,
			);
			buildRules = (
			);
			dependencies = (
				EE1BCDE72B02B381005D74CB /* PBXTargetDependency */,
			);
			name = PlakaEzberleticiUITests;
			productName = PlakaEzberleticiUITests;
			productReference = EE1BCDE52B02B381005D74CB /* PlakaEzberleticiUITests.xctest */;
			productType = "com.apple.product-type.bundle.ui-testing";
		};
/* End PBXNativeTarget section */

/* Begin PBXProject section */
		EE1BCDC32B02B380005D74CB /* Project object */ = {
			isa = PBXProject;
			attributes = {
				BuildIndependentTargetsInParallel = 1;
				LastSwiftUpdateCheck = 1500;
				LastUpgradeCheck = 1500;
				TargetAttributes = {
					EE1BCDCA2B02B380005D74CB = {
						CreatedOnToolsVersion = 15.0.1;
					};
					EE1BCDDA2B02B381005D74CB = {
						CreatedOnToolsVersion = 15.0.1;
						TestTargetID = EE1BCDCA2B02B380005D74CB;
					};
					EE1BCDE42B02B381005D74CB = {
						CreatedOnToolsVersion = 15.0.1;
						TestTargetID = EE1BCDCA2B02B380005D74CB;
					};
				};
			};
			buildConfigurationList = EE1BCDC62B02B380005D74CB /* Build configuration list for PBXProject "PlakaEzberletici" */;
			compatibilityVersion = "Xcode 14.0";
			developmentRegion = en;
			hasScannedForEncodings = 0;
			knownRegions = (
				en,
				Base,
			);
			mainGroup = EE1BCDC22B02B380005D74CB;
			productRefGroup = EE1BCDCC2B02B380005D74CB /* Products */;
			projectDirPath = "";
			projectRoot = "";
			targets = (
				EE1BCDCA2B02B380005D74CB /* PlakaEzberletici */,
				EE1BCDDA2B02B381005D74CB /* PlakaEzberleticiTests */,
				EE1BCDE42B02B381005D74CB /* PlakaEzberleticiUITests */,
			);
		};
/* End PBXProject section */

/* Begin PBXResourcesBuildPhase section */
		EE1BCDC92B02B380005D74CB /* Resources */ = {
			isa = PBXResourcesBuildPhase;
			buildActionMask = 2147483647;
			files = (
				EE1BCDD62B02B381005D74CB /* Preview Assets.xcassets in Resources */,
				EE1BCDD32B02B381005D74CB /* Assets.xcassets in Resources */,
			);
			runOnlyForDeploymentPostprocessing = 0;
		};
		EE1BCDD92B02B381005D74CB /* Resources */ = {
			isa = PBXResourcesBuildPhase;
			buildActionMask = 2147483647;
			files = (
			);
			runOnlyForDeploymentPostprocessing = 0;
		};
		EE1BCDE32B02B381005D74CB /* Resources */ = {
			isa = PBXResourcesBuildPhase;
			buildActionMask = 2147483647;
			files = (
			);
			runOnlyForDeploymentPostprocessing = 0;
		};
/* End PBXResourcesBuildPhase section */

/* Begin PBXSourcesBuildPhase section */
		EE1BCDC72B02B380005D74CB /* Sources */ = {
			isa = PBXSourcesBuildPhase;
			buildActionMask = 2147483647;
			files = (
				EEB384942B505CEF00497D0C /* CityCardView.swift in Sources */,
				EE7C91482B4EC4A6001528EA /* FrontCardView.swift in Sources */,
				EE7C914D2B4ED9B3001528EA /* BackCardView.swift in Sources */,
				EE7C914A2B4ED73D001528EA /* CardModifier.swift in Sources */,
				EE1BCDD12B02B380005D74CB /* ContentView.swift in Sources */,
				EE70722A2B5047B60016595F /* MiniCardView.swift in Sources */,
				EEB3848E2B50518C00497D0C /* ContentViewModel.swift in Sources */,
				EE1BCDCF2B02B380005D74CB /* PlakaEzberleticiApp.swift in Sources */,
				EEB384922B5058B000497D0C /* FlipAnimation.swift in Sources */,
				EEB5CC102B02B4A7000DBE03 /* Plakalar.swift in Sources */,
				EE70722C2B5049B30016595F /* CardFan.swift in Sources */,
			);
			runOnlyForDeploymentPostprocessing = 0;
		};
		EE1BCDD72B02B381005D74CB /* Sources */ = {
			isa = PBXSourcesBuildPhase;
			buildActionMask = 2147483647;
			files = (
				EE1BCDE02B02B381005D74CB /* PlakaEzberleticiTests.swift in Sources */,
			);
			runOnlyForDeploymentPostprocessing = 0;
		};
		EE1BCDE12B02B381005D74CB /* Sources */ = {
			isa = PBXSourcesBuildPhase;
			buildActionMask = 2147483647;
			files = (
				EE1BCDEA2B02B381005D74CB /* PlakaEzberleticiUITests.swift in Sources */,
				EE1BCDEC2B02B381005D74CB /* PlakaEzberleticiUITestsLaunchTests.swift in Sources */,
			);
			runOnlyForDeploymentPostprocessing = 0;
		};
/* End PBXSourcesBuildPhase section */

/* Begin PBXTargetDependency section */
		EE1BCDDD2B02B381005D74CB /* PBXTargetDependency */ = {
			isa = PBXTargetDependency;
			target = EE1BCDCA2B02B380005D74CB /* PlakaEzberletici */;
			targetProxy = EE1BCDDC2B02B381005D74CB /* PBXContainerItemProxy */;
		};
		EE1BCDE72B02B381005D74CB /* PBXTargetDependency */ = {
			isa = PBXTargetDependency;
			target = EE1BCDCA2B02B380005D74CB /* PlakaEzberletici */;
			targetProxy = EE1BCDE62B02B381005D74CB /* PBXContainerItemProxy */;
		};
/* End PBXTargetDependency section */

/* Begin XCBuildConfiguration section */
		EE1BCDED2B02B381005D74CB /* Debug */ = {
			isa = XCBuildConfiguration;
			buildSettings = {
				ALWAYS_SEARCH_USER_PATHS = NO;
				ASSETCATALOG_COMPILER_GENERATE_SWIFT_ASSET_SYMBOL_EXTENSIONS = YES;
				CLANG_ANALYZER_NONNULL = YES;
				CLANG_ANALYZER_NUMBER_OBJECT_CONVERSION = YES_AGGRESSIVE;
				CLANG_CXX_LANGUAGE_STANDARD = "gnu++20";
				CLANG_ENABLE_MODULES = YES;
				CLANG_ENABLE_OBJC_ARC = YES;
				CLANG_ENABLE_OBJC_WEAK = YES;
				CLANG_WARN_BLOCK_CAPTURE_AUTORELEASING = YES;
				CLANG_WARN_BOOL_CONVERSION = YES;
				CLANG_WARN_COMMA = YES;
				CLANG_WARN_CONSTANT_CONVERSION = YES;
				CLANG_WARN_DEPRECATED_OBJC_IMPLEMENTATIONS = YES;
				CLANG_WARN_DIRECT_OBJC_ISA_USAGE = YES_ERROR;
				CLANG_WARN_DOCUMENTATION_COMMENTS = YES;
				CLANG_WARN_EMPTY_BODY = YES;
				CLANG_WARN_ENUM_CONVERSION = YES;
				CLANG_WARN_INFINITE_RECURSION = YES;
				CLANG_WARN_INT_CONVERSION = YES;
				CLANG_WARN_NON_LITERAL_NULL_CONVERSION = YES;
				CLANG_WARN_OBJC_IMPLICIT_RETAIN_SELF = YES;
				CLANG_WARN_OBJC_LITERAL_CONVERSION = YES;
				CLANG_WARN_OBJC_ROOT_CLASS = YES_ERROR;
				CLANG_WARN_QUOTED_INCLUDE_IN_FRAMEWORK_HEADER = YES;
				CLANG_WARN_RANGE_LOOP_ANALYSIS = YES;
				CLANG_WARN_STRICT_PROTOTYPES = YES;
				CLANG_WARN_SUSPICIOUS_MOVE = YES;
				CLANG_WARN_UNGUARDED_AVAILABILITY = YES_AGGRESSIVE;
				CLANG_WARN_UNREACHABLE_CODE = YES;
				CLANG_WARN__DUPLICATE_METHOD_MATCH = YES;
				COPY_PHASE_STRIP = NO;
				DEBUG_INFORMATION_FORMAT = dwarf;
				ENABLE_STRICT_OBJC_MSGSEND = YES;
				ENABLE_TESTABILITY = YES;
				ENABLE_USER_SCRIPT_SANDBOXING = YES;
				GCC_C_LANGUAGE_STANDARD = gnu17;
				GCC_DYNAMIC_NO_PIC = NO;
				GCC_NO_COMMON_BLOCKS = YES;
				GCC_OPTIMIZATION_LEVEL = 0;
				GCC_PREPROCESSOR_DEFINITIONS = (
					"DEBUG=1",
					"$(inherited)",
				);
				GCC_WARN_64_TO_32_BIT_CONVERSION = YES;
				GCC_WARN_ABOUT_RETURN_TYPE = YES_ERROR;
				GCC_WARN_UNDECLARED_SELECTOR = YES;
				GCC_WARN_UNINITIALIZED_AUTOS = YES_AGGRESSIVE;
				GCC_WARN_UNUSED_FUNCTION = YES;
				GCC_WARN_UNUSED_VARIABLE = YES;
				IPHONEOS_DEPLOYMENT_TARGET = 17.0;
				LOCALIZATION_PREFERS_STRING_CATALOGS = YES;
				MTL_ENABLE_DEBUG_INFO = INCLUDE_SOURCE;
				MTL_FAST_MATH = YES;
				ONLY_ACTIVE_ARCH = YES;
				SDKROOT = iphoneos;
				SWIFT_ACTIVE_COMPILATION_CONDITIONS = "DEBUG $(inherited)";
				SWIFT_OPTIMIZATION_LEVEL = "-Onone";
			};
			name = Debug;
		};
		EE1BCDEE2B02B381005D74CB /* Release */ = {
			isa = XCBuildConfiguration;
			buildSettings = {
				ALWAYS_SEARCH_USER_PATHS = NO;
				ASSETCATALOG_COMPILER_GENERATE_SWIFT_ASSET_SYMBOL_EXTENSIONS = YES;
				CLANG_ANALYZER_NONNULL = YES;
				CLANG_ANALYZER_NUMBER_OBJECT_CONVERSION = YES_AGGRESSIVE;
				CLANG_CXX_LANGUAGE_STANDARD = "gnu++20";
				CLANG_ENABLE_MODULES = YES;
				CLANG_ENABLE_OBJC_ARC = YES;
				CLANG_ENABLE_OBJC_WEAK = YES;
				CLANG_WARN_BLOCK_CAPTURE_AUTORELEASING = YES;
				CLANG_WARN_BOOL_CONVERSION = YES;
				CLANG_WARN_COMMA = YES;
				CLANG_WARN_CONSTANT_CONVERSION = YES;
				CLANG_WARN_DEPRECATED_OBJC_IMPLEMENTATIONS = YES;
				CLANG_WARN_DIRECT_OBJC_ISA_USAGE = YES_ERROR;
				CLANG_WARN_DOCUMENTATION_COMMENTS = YES;
				CLANG_WARN_EMPTY_BODY = YES;
				CLANG_WARN_ENUM_CONVERSION = YES;
				CLANG_WARN_INFINITE_RECURSION = YES;
				CLANG_WARN_INT_CONVERSION = YES;
				CLANG_WARN_NON_LITERAL_NULL_CONVERSION = YES;
				CLANG_WARN_OBJC_IMPLICIT_RETAIN_SELF = YES;
				CLANG_WARN_OBJC_LITERAL_CONVERSION = YES;
				CLANG_WARN_OBJC_ROOT_CLASS = YES_ERROR;
				CLANG_WARN_QUOTED_INCLUDE_IN_FRAMEWORK_HEADER = YES;
				CLANG_WARN_RANGE_LOOP_ANALYSIS = YES;
				CLANG_WARN_STRICT_PROTOTYPES = YES;
				CLANG_WARN_SUSPICIOUS_MOVE = YES;
				CLANG_WARN_UNGUARDED_AVAILABILITY = YES_AGGRESSIVE;
				CLANG_WARN_UNREACHABLE_CODE = YES;
				CLANG_WARN__DUPLICATE_METHOD_MATCH = YES;
				COPY_PHASE_STRIP = NO;
				DEBUG_INFORMATION_FORMAT = "dwarf-with-dsym";
				ENABLE_NS_ASSERTIONS = NO;
				ENABLE_STRICT_OBJC_MSGSEND = YES;
				ENABLE_USER_SCRIPT_SANDBOXING = YES;
				GCC_C_LANGUAGE_STANDARD = gnu17;
				GCC_NO_COMMON_BLOCKS = YES;
				GCC_WARN_64_TO_32_BIT_CONVERSION = YES;
				GCC_WARN_ABOUT_RETURN_TYPE = YES_ERROR;
				GCC_WARN_UNDECLARED_SELECTOR = YES;
				GCC_WARN_UNINITIALIZED_AUTOS = YES_AGGRESSIVE;
				GCC_WARN_UNUSED_FUNCTION = YES;
				GCC_WARN_UNUSED_VARIABLE = YES;
				IPHONEOS_DEPLOYMENT_TARGET = 17.0;
				LOCALIZATION_PREFERS_STRING_CATALOGS = YES;
				MTL_ENABLE_DEBUG_INFO = NO;
				MTL_FAST_MATH = YES;
				SDKROOT = iphoneos;
				SWIFT_COMPILATION_MODE = wholemodule;
				VALIDATE_PRODUCT = YES;
			};
			name = Release;
		};
		EE1BCDF02B02B381005D74CB /* Debug */ = {
			isa = XCBuildConfiguration;
			buildSettings = {
				ASSETCATALOG_COMPILER_APPICON_NAME = AppIcon;
				ASSETCATALOG_COMPILER_GLOBAL_ACCENT_COLOR_NAME = AccentColor;
				CODE_SIGN_STYLE = Automatic;
				CURRENT_PROJECT_VERSION = 1;
				DEVELOPMENT_ASSET_PATHS = "\"PlakaEzberletici/Preview Content\"";
				DEVELOPMENT_TEAM = S5ZBBP3832;
				ENABLE_PREVIEWS = YES;
				GENERATE_INFOPLIST_FILE = YES;
				INFOPLIST_KEY_UIApplicationSceneManifest_Generation = YES;
				INFOPLIST_KEY_UIApplicationSupportsIndirectInputEvents = YES;
				INFOPLIST_KEY_UILaunchScreen_Generation = YES;
				INFOPLIST_KEY_UISupportedInterfaceOrientations_iPad = "UIInterfaceOrientationPortrait UIInterfaceOrientationPortraitUpsideDown UIInterfaceOrientationLandscapeLeft UIInterfaceOrientationLandscapeRight";
				INFOPLIST_KEY_UISupportedInterfaceOrientations_iPhone = "UIInterfaceOrientationPortrait UIInterfaceOrientationLandscapeLeft UIInterfaceOrientationLandscapeRight";
				LD_RUNPATH_SEARCH_PATHS = (
					"$(inherited)",
					"@executable_path/Frameworks",
				);
				MARKETING_VERSION = 1.0;
				PRODUCT_BUNDLE_IDENTIFIER = ogi.PlakaEzberletici;
				PRODUCT_NAME = "$(TARGET_NAME)";
				SWIFT_EMIT_LOC_STRINGS = YES;
				SWIFT_VERSION = 5.0;
				TARGETED_DEVICE_FAMILY = "1,2";
			};
			name = Debug;
		};
		EE1BCDF12B02B381005D74CB /* Release */ = {
			isa = XCBuildConfiguration;
			buildSettings = {
				ASSETCATALOG_COMPILER_APPICON_NAME = AppIcon;
				ASSETCATALOG_COMPILER_GLOBAL_ACCENT_COLOR_NAME = AccentColor;
				CODE_SIGN_STYLE = Automatic;
				CURRENT_PROJECT_VERSION = 1;
				DEVELOPMENT_ASSET_PATHS = "\"PlakaEzberletici/Preview Content\"";
				DEVELOPMENT_TEAM = S5ZBBP3832;
				ENABLE_PREVIEWS = YES;
				GENERATE_INFOPLIST_FILE = YES;
				INFOPLIST_KEY_UIApplicationSceneManifest_Generation = YES;
				INFOPLIST_KEY_UIApplicationSupportsIndirectInputEvents = YES;
				INFOPLIST_KEY_UILaunchScreen_Generation = YES;
				INFOPLIST_KEY_UISupportedInterfaceOrientations_iPad = "UIInterfaceOrientationPortrait UIInterfaceOrientationPortraitUpsideDown UIInterfaceOrientationLandscapeLeft UIInterfaceOrientationLandscapeRight";
				INFOPLIST_KEY_UISupportedInterfaceOrientations_iPhone = "UIInterfaceOrientationPortrait UIInterfaceOrientationLandscapeLeft UIInterfaceOrientationLandscapeRight";
				LD_RUNPATH_SEARCH_PATHS = (
					"$(inherited)",
					"@executable_path/Frameworks",
				);
				MARKETING_VERSION = 1.0;
				PRODUCT_BUNDLE_IDENTIFIER = ogi.PlakaEzberletici;
				PRODUCT_NAME = "$(TARGET_NAME)";
				SWIFT_EMIT_LOC_STRINGS = YES;
				SWIFT_VERSION = 5.0;
				TARGETED_DEVICE_FAMILY = "1,2";
			};
			name = Release;
		};
		EE1BCDF32B02B381005D74CB /* Debug */ = {
			isa = XCBuildConfiguration;
			buildSettings = {
				ALWAYS_EMBED_SWIFT_STANDARD_LIBRARIES = YES;
				BUNDLE_LOADER = "$(TEST_HOST)";
				CODE_SIGN_STYLE = Automatic;
				CURRENT_PROJECT_VERSION = 1;
				DEVELOPMENT_TEAM = S5ZBBP3832;
				GENERATE_INFOPLIST_FILE = YES;
				IPHONEOS_DEPLOYMENT_TARGET = 17.0;
				MARKETING_VERSION = 1.0;
				PRODUCT_BUNDLE_IDENTIFIER = ogi.PlakaEzberleticiTests;
				PRODUCT_NAME = "$(TARGET_NAME)";
				SWIFT_EMIT_LOC_STRINGS = NO;
				SWIFT_VERSION = 5.0;
				TARGETED_DEVICE_FAMILY = "1,2";
				TEST_HOST = "$(BUILT_PRODUCTS_DIR)/PlakaEzberletici.app/$(BUNDLE_EXECUTABLE_FOLDER_PATH)/PlakaEzberletici";
			};
			name = Debug;
		};
		EE1BCDF42B02B381005D74CB /* Release */ = {
			isa = XCBuildConfiguration;
			buildSettings = {
				ALWAYS_EMBED_SWIFT_STANDARD_LIBRARIES = YES;
				BUNDLE_LOADER = "$(TEST_HOST)";
				CODE_SIGN_STYLE = Automatic;
				CURRENT_PROJECT_VERSION = 1;
				DEVELOPMENT_TEAM = S5ZBBP3832;
				GENERATE_INFOPLIST_FILE = YES;
				IPHONEOS_DEPLOYMENT_TARGET = 17.0;
				MARKETING_VERSION = 1.0;
				PRODUCT_BUNDLE_IDENTIFIER = ogi.PlakaEzberleticiTests;
				PRODUCT_NAME = "$(TARGET_NAME)";
				SWIFT_EMIT_LOC_STRINGS = NO;
				SWIFT_VERSION = 5.0;
				TARGETED_DEVICE_FAMILY = "1,2";
				TEST_HOST = "$(BUILT_PRODUCTS_DIR)/PlakaEzberletici.app/$(BUNDLE_EXECUTABLE_FOLDER_PATH)/PlakaEzberletici";
			};
			name = Release;
		};
		EE1BCDF62B02B381005D74CB /* Debug */ = {
			isa = XCBuildConfiguration;
			buildSettings = {
				ALWAYS_EMBED_SWIFT_STANDARD_LIBRARIES = YES;
				CODE_SIGN_STYLE = Automatic;
				CURRENT_PROJECT_VERSION = 1;
				DEVELOPMENT_TEAM = S5ZBBP3832;
				GENERATE_INFOPLIST_FILE = YES;
				MARKETING_VERSION = 1.0;
				PRODUCT_BUNDLE_IDENTIFIER = ogi.PlakaEzberleticiUITests;
				PRODUCT_NAME = "$(TARGET_NAME)";
				SWIFT_EMIT_LOC_STRINGS = NO;
				SWIFT_VERSION = 5.0;
				TARGETED_DEVICE_FAMILY = "1,2";
				TEST_TARGET_NAME = PlakaEzberletici;
			};
			name = Debug;
		};
		EE1BCDF72B02B381005D74CB /* Release */ = {
			isa = XCBuildConfiguration;
			buildSettings = {
				ALWAYS_EMBED_SWIFT_STANDARD_LIBRARIES = YES;
				CODE_SIGN_STYLE = Automatic;
				CURRENT_PROJECT_VERSION = 1;
				DEVELOPMENT_TEAM = S5ZBBP3832;
				GENERATE_INFOPLIST_FILE = YES;
				MARKETING_VERSION = 1.0;
				PRODUCT_BUNDLE_IDENTIFIER = ogi.PlakaEzberleticiUITests;
				PRODUCT_NAME = "$(TARGET_NAME)";
				SWIFT_EMIT_LOC_STRINGS = NO;
				SWIFT_VERSION = 5.0;
				TARGETED_DEVICE_FAMILY = "1,2";
				TEST_TARGET_NAME = PlakaEzberletici;
			};
			name = Release;
		};
/* End XCBuildConfiguration section */

/* Begin XCConfigurationList section */
		EE1BCDC62B02B380005D74CB /* Build configuration list for PBXProject "PlakaEzberletici" */ = {
			isa = XCConfigurationList;
			buildConfigurations = (
				EE1BCDED2B02B381005D74CB /* Debug */,
				EE1BCDEE2B02B381005D74CB /* Release */,
			);
			defaultConfigurationIsVisible = 0;
			defaultConfigurationName = Release;
		};
		EE1BCDEF2B02B381005D74CB /* Build configuration list for PBXNativeTarget "PlakaEzberletici" */ = {
			isa = XCConfigurationList;
			buildConfigurations = (
				EE1BCDF02B02B381005D74CB /* Debug */,
				EE1BCDF12B02B381005D74CB /* Release */,
			);
			defaultConfigurationIsVisible = 0;
			defaultConfigurationName = Release;
		};
		EE1BCDF22B02B381005D74CB /* Build configuration list for PBXNativeTarget "PlakaEzberleticiTests" */ = {
			isa = XCConfigurationList;
			buildConfigurations = (
				EE1BCDF32B02B381005D74CB /* Debug */,
				EE1BCDF42B02B381005D74CB /* Release */,
			);
			defaultConfigurationIsVisible = 0;
			defaultConfigurationName = Release;
		};
		EE1BCDF52B02B381005D74CB /* Build configuration list for PBXNativeTarget "PlakaEzberleticiUITests" */ = {
			isa = XCConfigurationList;
			buildConfigurations = (
				EE1BCDF62B02B381005D74CB /* Debug */,
				EE1BCDF72B02B381005D74CB /* Release */,
			);
			defaultConfigurationIsVisible = 0;
			defaultConfigurationName = Release;
		};
/* End XCConfigurationList section */
	};
	rootObject = EE1BCDC32B02B380005D74CB /* Project object */;
}
